
Microsoft Visual Studio Solution File, Format Version 12.00
# Visual Studio Version 16
VisualStudioVersion = 16.0.29905.134
MinimumVisualStudioVersion = 10.0.40219.1
Project("{9A19103F-16F7-4668-BE54-9A1E7A4F7556}") = "WebUI", "Development\WebUI\WebUI.csproj", "{802E050A-4DDE-4B1B-A5FD-FA8A71DB94AF}"
EndProject
Project("{9A19103F-16F7-4668-BE54-9A1E7A4F7556}") = "Persistence.Tests", "Tests\Persistence.Tests\Persistence.Tests.csproj", "{4C889EB7-4324-468A-9932-D73D87043E69}"
EndProject
Project("{9A19103F-16F7-4668-BE54-9A1E7A4F7556}") = "Domain", "Development\Domain\Domain.csproj", "{A68A53DE-8D82-41FE-8856-5357FCE22607}"
EndProject
Project("{9A19103F-16F7-4668-BE54-9A1E7A4F7556}") = "Service.Tests", "Tests\Service.Tests\Service.Tests.csproj", "{A98AB492-DEC4-4B93-AD78-55F0EAF8A387}"
EndProject
Project("{2150E333-8FDC-42A3-9474-1A3956D46DE8}") = "Development", "Development", "{04E20CCD-062B-4DEC-BD86-036F4C1B41D7}"
EndProject
Project("{2150E333-8FDC-42A3-9474-1A3956D46DE8}") = "Tests", "Tests", "{5D13F457-0904-4215-84D6-6F942663BF17}"
EndProject
Project("{9A19103F-16F7-4668-BE54-9A1E7A4F7556}") = "Persistence", "Development\Persistence\Persistence.csproj", "{6120F215-47C0-4094-9488-9A58F21B34F9}"
EndProject
Project("{9A19103F-16F7-4668-BE54-9A1E7A4F7556}") = "Domain.Tests", "Tests\Domain.Tests\Domain.Tests.csproj", "{1D045226-AA71-40FD-A03C-F1768BBDB849}"
EndProject
Project("{FAE04EC0-301F-11D3-BF4B-00C04F79EFBC}") = "WebUI.IntegrationTests", "tests\WebUI.IntegrationTests\WebUI.IntegrationTests.csproj", "{3BF73C1F-3E41-4D9C-89E0-99BDF6DED262}"
EndProject
Global
	GlobalSection(SolutionConfigurationPlatforms) = preSolution
		Debug|Any CPU = Debug|Any CPU
		Release|Any CPU = Release|Any CPU
	EndGlobalSection
	GlobalSection(ProjectConfigurationPlatforms) = postSolution
		{802E050A-4DDE-4B1B-A5FD-FA8A71DB94AF}.Debug|Any CPU.ActiveCfg = Debug|Any CPU
		{802E050A-4DDE-4B1B-A5FD-FA8A71DB94AF}.Debug|Any CPU.Build.0 = Debug|Any CPU
		{802E050A-4DDE-4B1B-A5FD-FA8A71DB94AF}.Release|Any CPU.ActiveCfg = Release|Any CPU
		{802E050A-4DDE-4B1B-A5FD-FA8A71DB94AF}.Release|Any CPU.Build.0 = Release|Any CPU
		{4C889EB7-4324-468A-9932-D73D87043E69}.Debug|Any CPU.ActiveCfg = Debug|Any CPU
		{4C889EB7-4324-468A-9932-D73D87043E69}.Debug|Any CPU.Build.0 = Debug|Any CPU
		{4C889EB7-4324-468A-9932-D73D87043E69}.Release|Any CPU.ActiveCfg = Release|Any CPU
		{4C889EB7-4324-468A-9932-D73D87043E69}.Release|Any CPU.Build.0 = Release|Any CPU
		{A68A53DE-8D82-41FE-8856-5357FCE22607}.Debug|Any CPU.ActiveCfg = Debug|Any CPU
		{A68A53DE-8D82-41FE-8856-5357FCE22607}.Debug|Any CPU.Build.0 = Debug|Any CPU
		{A68A53DE-8D82-41FE-8856-5357FCE22607}.Release|Any CPU.ActiveCfg = Release|Any CPU
		{A68A53DE-8D82-41FE-8856-5357FCE22607}.Release|Any CPU.Build.0 = Release|Any CPU
		{A98AB492-DEC4-4B93-AD78-55F0EAF8A387}.Debug|Any CPU.ActiveCfg = Debug|Any CPU
		{A98AB492-DEC4-4B93-AD78-55F0EAF8A387}.Debug|Any CPU.Build.0 = Debug|Any CPU
		{A98AB492-DEC4-4B93-AD78-55F0EAF8A387}.Release|Any CPU.ActiveCfg = Release|Any CPU
		{A98AB492-DEC4-4B93-AD78-55F0EAF8A387}.Release|Any CPU.Build.0 = Release|Any CPU
		{6120F215-47C0-4094-9488-9A58F21B34F9}.Debug|Any CPU.ActiveCfg = Debug|Any CPU
		{6120F215-47C0-4094-9488-9A58F21B34F9}.Debug|Any CPU.Build.0 = Debug|Any CPU
		{6120F215-47C0-4094-9488-9A58F21B34F9}.Release|Any CPU.ActiveCfg = Release|Any CPU
		{6120F215-47C0-4094-9488-9A58F21B34F9}.Release|Any CPU.Build.0 = Release|Any CPU
		{1D045226-AA71-40FD-A03C-F1768BBDB849}.Debug|Any CPU.ActiveCfg = Debug|Any CPU
		{1D045226-AA71-40FD-A03C-F1768BBDB849}.Debug|Any CPU.Build.0 = Debug|Any CPU
		{1D045226-AA71-40FD-A03C-F1768BBDB849}.Release|Any CPU.ActiveCfg = Release|Any CPU
		{1D045226-AA71-40FD-A03C-F1768BBDB849}.Release|Any CPU.Build.0 = Release|Any CPU
		{3BF73C1F-3E41-4D9C-89E0-99BDF6DED262}.Debug|Any CPU.ActiveCfg = Debug|Any CPU
		{3BF73C1F-3E41-4D9C-89E0-99BDF6DED262}.Debug|Any CPU.Build.0 = Debug|Any CPU
		{3BF73C1F-3E41-4D9C-89E0-99BDF6DED262}.Release|Any CPU.ActiveCfg = Release|Any CPU
		{3BF73C1F-3E41-4D9C-89E0-99BDF6DED262}.Release|Any CPU.Build.0 = Release|Any CPU
	EndGlobalSection
	GlobalSection(SolutionProperties) = preSolution
		HideSolutionNode = FALSE
	EndGlobalSection
	GlobalSection(NestedProjects) = preSolution
		{802E050A-4DDE-4B1B-A5FD-FA8A71DB94AF} = {04E20CCD-062B-4DEC-BD86-036F4C1B41D7}
		{4C889EB7-4324-468A-9932-D73D87043E69} = {5D13F457-0904-4215-84D6-6F942663BF17}
		{A68A53DE-8D82-41FE-8856-5357FCE22607} = {04E20CCD-062B-4DEC-BD86-036F4C1B41D7}
		{A98AB492-DEC4-4B93-AD78-55F0EAF8A387} = {5D13F457-0904-4215-84D6-6F942663BF17}
		{6120F215-47C0-4094-9488-9A58F21B34F9} = {04E20CCD-062B-4DEC-BD86-036F4C1B41D7}
		{1D045226-AA71-40FD-A03C-F1768BBDB849} = {5D13F457-0904-4215-84D6-6F942663BF17}
		{3BF73C1F-3E41-4D9C-89E0-99BDF6DED262} = {5D13F457-0904-4215-84D6-6F942663BF17}
	EndGlobalSection
	GlobalSection(ExtensibilityGlobals) = postSolution
		SolutionGuid = {0E2DDEAF-4EE2-4E08-8480-20F0DC417EAC}
	EndGlobalSection
EndGlobal
