
Microsoft Visual Studio Solution File, Format Version 12.00
# Visual Studio Version 16
VisualStudioVersion = 16.0.29905.134
MinimumVisualStudioVersion = 10.0.40219.1
Project("{9A19103F-16F7-4668-BE54-9A1E7A4F7556}") = "Dictionary MVC", "Dictionary MVC\Dictionary MVC.csproj", "{802E050A-4DDE-4B1B-A5FD-FA8A71DB94AF}"
EndProject
Project("{9A19103F-16F7-4668-BE54-9A1E7A4F7556}") = "Data.Tests", "Data.Tests\Data.Tests.csproj", "{4C889EB7-4324-468A-9932-D73D87043E69}"
EndProject
Project("{9A19103F-16F7-4668-BE54-9A1E7A4F7556}") = "Api", "Api\Api.csproj", "{39AEC920-C210-40E4-8D9C-0707D35806DD}"
EndProject
Project("{9A19103F-16F7-4668-BE54-9A1E7A4F7556}") = "Data", "Data\Data.csproj", "{A68A53DE-8D82-41FE-8856-5357FCE22607}"
EndProject
Project("{FAE04EC0-301F-11D3-BF4B-00C04F79EFBC}") = "Commons", "Commons\Commons.csproj", "{9ED676E4-347A-4394-8328-8C0140A50CF9}"
EndProject
Global
	GlobalSection(SolutionConfigurationPlatforms) = preSolution
		Debug|Any CPU = Debug|Any CPU
		Release|Any CPU = Release|Any CPU
	EndGlobalSection
	GlobalSection(ProjectConfigurationPlatforms) = postSolution
		{802E050A-4DDE-4B1B-A5FD-FA8A71DB94AF}.Debug|Any CPU.ActiveCfg = Debug|Any CPU
		{802E050A-4DDE-4B1B-A5FD-FA8A71DB94AF}.Debug|Any CPU.Build.0 = Debug|Any CPU
		{802E050A-4DDE-4B1B-A5FD-FA8A71DB94AF}.Release|Any CPU.ActiveCfg = Release|Any CPU
		{802E050A-4DDE-4B1B-A5FD-FA8A71DB94AF}.Release|Any CPU.Build.0 = Release|Any CPU
		{4C889EB7-4324-468A-9932-D73D87043E69}.Debug|Any CPU.ActiveCfg = Debug|Any CPU
		{4C889EB7-4324-468A-9932-D73D87043E69}.Debug|Any CPU.Build.0 = Debug|Any CPU
		{4C889EB7-4324-468A-9932-D73D87043E69}.Release|Any CPU.ActiveCfg = Release|Any CPU
		{4C889EB7-4324-468A-9932-D73D87043E69}.Release|Any CPU.Build.0 = Release|Any CPU
		{39AEC920-C210-40E4-8D9C-0707D35806DD}.Debug|Any CPU.ActiveCfg = Debug|Any CPU
		{39AEC920-C210-40E4-8D9C-0707D35806DD}.Debug|Any CPU.Build.0 = Debug|Any CPU
		{39AEC920-C210-40E4-8D9C-0707D35806DD}.Release|Any CPU.ActiveCfg = Release|Any CPU
		{39AEC920-C210-40E4-8D9C-0707D35806DD}.Release|Any CPU.Build.0 = Release|Any CPU
		{A68A53DE-8D82-41FE-8856-5357FCE22607}.Debug|Any CPU.ActiveCfg = Debug|Any CPU
		{A68A53DE-8D82-41FE-8856-5357FCE22607}.Debug|Any CPU.Build.0 = Debug|Any CPU
		{A68A53DE-8D82-41FE-8856-5357FCE22607}.Release|Any CPU.ActiveCfg = Release|Any CPU
		{A68A53DE-8D82-41FE-8856-5357FCE22607}.Release|Any CPU.Build.0 = Release|Any CPU
		{9ED676E4-347A-4394-8328-8C0140A50CF9}.Debug|Any CPU.ActiveCfg = Debug|Any CPU
		{9ED676E4-347A-4394-8328-8C0140A50CF9}.Debug|Any CPU.Build.0 = Debug|Any CPU
		{9ED676E4-347A-4394-8328-8C0140A50CF9}.Release|Any CPU.ActiveCfg = Release|Any CPU
		{9ED676E4-347A-4394-8328-8C0140A50CF9}.Release|Any CPU.Build.0 = Release|Any CPU
	EndGlobalSection
	GlobalSection(SolutionProperties) = preSolution
		HideSolutionNode = FALSE
	EndGlobalSection
	GlobalSection(ExtensibilityGlobals) = postSolution
		SolutionGuid = {0E2DDEAF-4EE2-4E08-8480-20F0DC417EAC}
	EndGlobalSection
EndGlobal
